{"1.2.0",
[{<<"h3">>,{pkg,<<"h3">>,<<"3.7.2-b">>},0},
 {<<"thoas">>,{pkg,<<"thoas">>,<<"1.2.0">>},0}]}.
[
{pkg_hash,[
 {<<"h3">>, <<"C9E2D2B5865C092BDE6F3207FF85783A9FB798DF4485C2F1F88174E398093C05">>},
 {<<"thoas">>, <<"73B0546BAFF5008E6ED209558FD7B0606B035D96F9F3DE24EF42879100E094D4">>}]},
{pkg_hash_ext,[
 {<<"h3">>, <<"5EAD472875C73251403C090533B106D02CCFCFEC65121AF208E574EF8CD109A8">>},
 {<<"thoas">>, <<"540C8CB7D9257F2AD0A14145DC23560F91ACDCA995F0CCBA779EB33AF5D859D1">>}]}
].
